
Microsoft Visual Studio Solution File, Format Version 12.00
# Visual Studio Version 17
VisualStudioVersion = 17.10.35122.118
MinimumVisualStudioVersion = 10.0.40219.1
Project("{FAE04EC0-301F-11D3-BF4B-00C04F79EFBC}") = "Main_Event1111", "Main_Event1111\Main_Event1111.csproj", "{C0D99DA3-D055-4C12-BAC0-427848938466}"
EndProject
Global
	GlobalSection(SolutionConfigurationPlatforms) = preSolution
		Debug|Any CPU = Debug|Any CPU
		Release|Any CPU = Release|Any CPU
	EndGlobalSection
	GlobalSection(ProjectConfigurationPlatforms) = postSolution
		{C0D99DA3-D055-4C12-BAC0-427848938466}.Debug|Any CPU.ActiveCfg = Debug|Any CPU
		{C0D99DA3-D055-4C12-BAC0-427848938466}.Debug|Any CPU.Build.0 = Debug|Any CPU
		{C0D99DA3-D055-4C12-BAC0-427848938466}.Release|Any CPU.ActiveCfg = Release|Any CPU
		{C0D99DA3-D055-4C12-BAC0-427848938466}.Release|Any CPU.Build.0 = Release|Any CPU
	EndGlobalSection
	GlobalSection(SolutionProperties) = preSolution
		HideSolutionNode = FALSE
	EndGlobalSection
	GlobalSection(ExtensibilityGlobals) = postSolution
		SolutionGuid = {2F742C26-2452-4040-9957-E908ED759176}
	EndGlobalSection
EndGlobal
